
Microsoft Visual Studio Solution File, Format Version 12.00
# Visual Studio Version 16
VisualStudioVersion = 16.0.33529.622
MinimumVisualStudioVersion = 10.0.40219.1
Project("{FAE04EC0-301F-11D3-BF4B-00C04F79EFBC}") = "GigaPosUpdator", "GigaPosUpdator.csproj", "{51B09EC6-8F4A-4246-B40C-AE0C6E159843}"
EndProject
Global
	GlobalSection(SolutionConfigurationPlatforms) = preSolution
		Debug|Any CPU = Debug|Any CPU
		Release|Any CPU = Release|Any CPU
	EndGlobalSection
	GlobalSection(ProjectConfigurationPlatforms) = postSolution
		{51B09EC6-8F4A-4246-B40C-AE0C6E159843}.Debug|Any CPU.ActiveCfg = Debug|Any CPU
		{51B09EC6-8F4A-4246-B40C-AE0C6E159843}.Debug|Any CPU.Build.0 = Debug|Any CPU
		{51B09EC6-8F4A-4246-B40C-AE0C6E159843}.Release|Any CPU.ActiveCfg = Release|Any CPU
		{51B09EC6-8F4A-4246-B40C-AE0C6E159843}.Release|Any CPU.Build.0 = Release|Any CPU
	EndGlobalSection
	GlobalSection(SolutionProperties) = preSolution
		HideSolutionNode = FALSE
	EndGlobalSection
	GlobalSection(ExtensibilityGlobals) = postSolution
		SolutionGuid = {18853FD5-91EC-461B-BCBD-3FB4A5F2761E}
	EndGlobalSection
EndGlobal
